
Microsoft Visual Studio Solution File, Format Version 12.00
# Visual Studio Version 17
VisualStudioVersion = 17.1.32210.238
MinimumVisualStudioVersion = 10.0.40219.1
Project("{9A19103F-16F7-4668-BE54-9A1E7A4F7556}") = "LearnGithubActionsConsole", "LearnGithubActionsConsole\LearnGithubActionsConsole.csproj", "{AB87B8CD-175C-4035-97DC-E99842EAF2D1}"
EndProject
Project("{2150E333-8FDC-42A3-9474-1A3956D46DE8}") = "Solution Items", "Solution Items", "{922D16FB-10CD-4294-B5D7-671140D61B35}"
	ProjectSection(SolutionItems) = preProject
		LOG.md = LOG.md
		README.md = README.md
	EndProjectSection
EndProject
Global
	GlobalSection(SolutionConfigurationPlatforms) = preSolution
		Debug|Any CPU = Debug|Any CPU
		Release|Any CPU = Release|Any CPU
	EndGlobalSection
	GlobalSection(ProjectConfigurationPlatforms) = postSolution
		{AB87B8CD-175C-4035-97DC-E99842EAF2D1}.Debug|Any CPU.ActiveCfg = Debug|Any CPU
		{AB87B8CD-175C-4035-97DC-E99842EAF2D1}.Debug|Any CPU.Build.0 = Debug|Any CPU
		{AB87B8CD-175C-4035-97DC-E99842EAF2D1}.Release|Any CPU.ActiveCfg = Release|Any CPU
		{AB87B8CD-175C-4035-97DC-E99842EAF2D1}.Release|Any CPU.Build.0 = Release|Any CPU
	EndGlobalSection
	GlobalSection(SolutionProperties) = preSolution
		HideSolutionNode = FALSE
	EndGlobalSection
	GlobalSection(ExtensibilityGlobals) = postSolution
		SolutionGuid = {9692AAD9-2657-4E80-BABA-D672BC22DF70}
	EndGlobalSection
EndGlobal
